
Microsoft Visual Studio Solution File, Format Version 12.00
# Visual Studio Version 16
VisualStudioVersion = 16.0.29905.134
MinimumVisualStudioVersion = 10.0.40219.1
Project("{FAE04EC0-301F-11D3-BF4B-00C04F79EFBC}") = "lab5", "lab5\lab5.csproj", "{9E6B32D0-7E62-4ED9-A47C-740E8D29C005}"
EndProject
Project("{FAE04EC0-301F-11D3-BF4B-00C04F79EFBC}") = "TSES", "ConsoleApp1\TSES.csproj", "{856322FD-6AE8-4521-8086-E1F1D0ECD187}"
EndProject
Global
	GlobalSection(SolutionConfigurationPlatforms) = preSolution
		Debug|Any CPU = Debug|Any CPU
		Release|Any CPU = Release|Any CPU
	EndGlobalSection
	GlobalSection(ProjectConfigurationPlatforms) = postSolution
		{9E6B32D0-7E62-4ED9-A47C-740E8D29C005}.Debug|Any CPU.ActiveCfg = Debug|Any CPU
		{9E6B32D0-7E62-4ED9-A47C-740E8D29C005}.Debug|Any CPU.Build.0 = Debug|Any CPU
		{9E6B32D0-7E62-4ED9-A47C-740E8D29C005}.Release|Any CPU.ActiveCfg = Release|Any CPU
		{9E6B32D0-7E62-4ED9-A47C-740E8D29C005}.Release|Any CPU.Build.0 = Release|Any CPU
		{856322FD-6AE8-4521-8086-E1F1D0ECD187}.Debug|Any CPU.ActiveCfg = Debug|Any CPU
		{856322FD-6AE8-4521-8086-E1F1D0ECD187}.Debug|Any CPU.Build.0 = Debug|Any CPU
		{856322FD-6AE8-4521-8086-E1F1D0ECD187}.Release|Any CPU.ActiveCfg = Release|Any CPU
		{856322FD-6AE8-4521-8086-E1F1D0ECD187}.Release|Any CPU.Build.0 = Release|Any CPU
	EndGlobalSection
	GlobalSection(SolutionProperties) = preSolution
		HideSolutionNode = FALSE
	EndGlobalSection
	GlobalSection(ExtensibilityGlobals) = postSolution
		SolutionGuid = {A012E303-0EFB-4731-926B-5B7196D525E6}
	EndGlobalSection
EndGlobal
